
Microsoft Visual Studio Solution File, Format Version 12.00
# Visual Studio Version 17
VisualStudioVersion = 17.5.33627.172
MinimumVisualStudioVersion = 10.0.40219.1
Project("{2150E333-8FDC-42A3-9474-1A3956D46DE8}") = "Services", "Services", "{63748DEA-26E9-4B5C-A99D-A5E4D66792BE}"
EndProject
Project("{2150E333-8FDC-42A3-9474-1A3956D46DE8}") = "Catalog", "Catalog", "{8B63DB1E-7CF8-4BDC-BCD2-41AA0C5BD784}"
EndProject
Project("{9A19103F-16F7-4668-BE54-9A1E7A4F7556}") = "Catalog.API", "Services\Catalog\Catalog.API\Catalog.API.csproj", "{7DBD641B-B18A-47C6-845D-05AD3CC23DD3}"
EndProject
Project("{9A19103F-16F7-4668-BE54-9A1E7A4F7556}") = "Catalog.Application", "Services\Catalog\Catalog.Application\Catalog.Application.csproj", "{084B5BF6-C4D2-4E59-8CF8-2547F041F591}"
EndProject
Project("{9A19103F-16F7-4668-BE54-9A1E7A4F7556}") = "Catalog.Core", "Services\Catalog\Catalog.Core\Catalog.Core.csproj", "{25BA90F1-B8BA-404B-A487-FD9FBB296A28}"
EndProject
Project("{9A19103F-16F7-4668-BE54-9A1E7A4F7556}") = "Catalog.Infrastructure", "Services\Catalog\Catalog.Infrastructure\Catalog.Infrastructure.csproj", "{227AF570-9AE3-425D-9A29-8874DFCF58DA}"
EndProject
Project("{E53339B2-1760-4266-BCC7-CA923CBCF16C}") = "docker-compose", "docker-compose.dcproj", "{96D70FE8-4EBF-428F-B37E-8D34407C3F4D}"
EndProject
Project("{2150E333-8FDC-42A3-9474-1A3956D46DE8}") = "Basket", "Basket", "{76361567-4926-4FC9-810C-D39FC0343033}"
EndProject
Project("{9A19103F-16F7-4668-BE54-9A1E7A4F7556}") = "Basket.API", "Services\Basket\Basket.API\Basket.API.csproj", "{4DE86A1D-DEDD-49F3-A197-F5B705936E82}"
EndProject
Project("{9A19103F-16F7-4668-BE54-9A1E7A4F7556}") = "Basket.Core", "Services\Basket\Basket.Core\Basket.Core.csproj", "{9C71C2CB-541A-4865-B574-4982371C5B97}"
EndProject
Project("{9A19103F-16F7-4668-BE54-9A1E7A4F7556}") = "Basket.Application", "Services\Basket\Basket.Application\Basket.Application.csproj", "{7A857831-7060-4DEF-97C0-DA3FEC65041D}"
EndProject
Project("{9A19103F-16F7-4668-BE54-9A1E7A4F7556}") = "Basket.Infrastructure", "Services\Basket\Basket.Infrastructure\Basket.Infrastructure.csproj", "{01FDF15E-1BA3-4CC1-917F-844747830CF8}"
EndProject
Project("{2150E333-8FDC-42A3-9474-1A3956D46DE8}") = "Discount", "Discount", "{933F7BDA-8F9B-43E6-9A13-7C7ACCB03950}"
EndProject
Project("{9A19103F-16F7-4668-BE54-9A1E7A4F7556}") = "Discount.API", "Services\Discount\Discount.API\Discount.API.csproj", "{090BD0F1-9210-4E7E-A347-896BBBA87C26}"
EndProject
Project("{9A19103F-16F7-4668-BE54-9A1E7A4F7556}") = "Discount.Core", "Services\Discount\Discount.Core\Discount.Core.csproj", "{5682C88F-924E-46A3-9817-659F2EC814CB}"
EndProject
Project("{9A19103F-16F7-4668-BE54-9A1E7A4F7556}") = "Discount.Application", "Services\Discount\Discount.Application\Discount.Application.csproj", "{CF214EE8-69BC-4C1C-90DC-AD91DB82D643}"
EndProject
Project("{9A19103F-16F7-4668-BE54-9A1E7A4F7556}") = "Discount.Infrastructure", "Services\Discount\Discount.Infrastructure\Discount.Infrastructure.csproj", "{BD5CE23D-37C5-483F-A5ED-ECB5027C5935}"
EndProject
Project("{2150E333-8FDC-42A3-9474-1A3956D46DE8}") = "Ordering", "Ordering", "{469D9FA5-AD9D-4AD4-9C3D-B3155A1D5F39}"
EndProject
Project("{9A19103F-16F7-4668-BE54-9A1E7A4F7556}") = "Ordering.API", "Services\Ordering\Ordering.API\Ordering.API.csproj", "{DDA9C402-8447-44ED-96CF-58D01E5BE1C2}"
EndProject
Project("{9A19103F-16F7-4668-BE54-9A1E7A4F7556}") = "Ordering.Core", "Services\Ordering\Ordering.Core\Ordering.Core.csproj", "{9A381587-9B79-4289-B07B-4C78B050ED9F}"
EndProject
Project("{9A19103F-16F7-4668-BE54-9A1E7A4F7556}") = "Ordering.Infrastructure", "Services\Ordering\Ordering.Infrastructure\Ordering.Infrastructure.csproj", "{1E23540C-B803-4648-B88D-7F76E3A8CD4F}"
EndProject
Project("{9A19103F-16F7-4668-BE54-9A1E7A4F7556}") = "Ordering.Application", "Services\Ordering\Ordering.Application\Ordering.Application.csproj", "{60F16AA1-D656-4B8A-97F1-283B72B30D89}"
EndProject
Project("{2150E333-8FDC-42A3-9474-1A3956D46DE8}") = "Infrastructure", "Infrastructure", "{18907486-F89F-44B5-B7B6-2D304D78E425}"
EndProject
Project("{9A19103F-16F7-4668-BE54-9A1E7A4F7556}") = "EventBus.Messages", "Infrastructure\EventBus.Messages\EventBus.Messages.csproj", "{326BF6F8-3900-43C8-9AD8-682F5FB17FBA}"
EndProject
Project("{2150E333-8FDC-42A3-9474-1A3956D46DE8}") = "ApiGateways", "ApiGateways", "{35ADEAE7-0D20-4033-99EA-FE33245B48B7}"
EndProject
Project("{2150E333-8FDC-42A3-9474-1A3956D46DE8}") = "Ocelot", "Ocelot", "{D9FA7D94-7ADD-442E-8C57-7B01A2310485}"
EndProject
Project("{9A19103F-16F7-4668-BE54-9A1E7A4F7556}") = "Ocelot.ApiGateway", "ApiGateways\Ocelot\Ocelot.ApiGateway\Ocelot.ApiGateway.csproj", "{E24CA361-DED2-4114-BE7B-06D5BBF3CB42}"
EndProject
Project("{9A19103F-16F7-4668-BE54-9A1E7A4F7556}") = "Eshopping.Identity", "Infrastructure\Eshopping.Identity\Eshopping.Identity.csproj", "{35094EFC-0ABB-4E75-AD62-653948EBE6EE}"
EndProject
Global
	GlobalSection(SolutionConfigurationPlatforms) = preSolution
		Debug|Any CPU = Debug|Any CPU
		Release|Any CPU = Release|Any CPU
	EndGlobalSection
	GlobalSection(ProjectConfigurationPlatforms) = postSolution
		{7DBD641B-B18A-47C6-845D-05AD3CC23DD3}.Debug|Any CPU.ActiveCfg = Debug|Any CPU
		{7DBD641B-B18A-47C6-845D-05AD3CC23DD3}.Debug|Any CPU.Build.0 = Debug|Any CPU
		{7DBD641B-B18A-47C6-845D-05AD3CC23DD3}.Release|Any CPU.ActiveCfg = Release|Any CPU
		{7DBD641B-B18A-47C6-845D-05AD3CC23DD3}.Release|Any CPU.Build.0 = Release|Any CPU
		{084B5BF6-C4D2-4E59-8CF8-2547F041F591}.Debug|Any CPU.ActiveCfg = Debug|Any CPU
		{084B5BF6-C4D2-4E59-8CF8-2547F041F591}.Debug|Any CPU.Build.0 = Debug|Any CPU
		{084B5BF6-C4D2-4E59-8CF8-2547F041F591}.Release|Any CPU.ActiveCfg = Release|Any CPU
		{084B5BF6-C4D2-4E59-8CF8-2547F041F591}.Release|Any CPU.Build.0 = Release|Any CPU
		{25BA90F1-B8BA-404B-A487-FD9FBB296A28}.Debug|Any CPU.ActiveCfg = Debug|Any CPU
		{25BA90F1-B8BA-404B-A487-FD9FBB296A28}.Debug|Any CPU.Build.0 = Debug|Any CPU
		{25BA90F1-B8BA-404B-A487-FD9FBB296A28}.Release|Any CPU.ActiveCfg = Release|Any CPU
		{25BA90F1-B8BA-404B-A487-FD9FBB296A28}.Release|Any CPU.Build.0 = Release|Any CPU
		{227AF570-9AE3-425D-9A29-8874DFCF58DA}.Debug|Any CPU.ActiveCfg = Debug|Any CPU
		{227AF570-9AE3-425D-9A29-8874DFCF58DA}.Debug|Any CPU.Build.0 = Debug|Any CPU
		{227AF570-9AE3-425D-9A29-8874DFCF58DA}.Release|Any CPU.ActiveCfg = Release|Any CPU
		{227AF570-9AE3-425D-9A29-8874DFCF58DA}.Release|Any CPU.Build.0 = Release|Any CPU
		{96D70FE8-4EBF-428F-B37E-8D34407C3F4D}.Debug|Any CPU.ActiveCfg = Debug|Any CPU
		{96D70FE8-4EBF-428F-B37E-8D34407C3F4D}.Debug|Any CPU.Build.0 = Debug|Any CPU
		{96D70FE8-4EBF-428F-B37E-8D34407C3F4D}.Release|Any CPU.ActiveCfg = Release|Any CPU
		{96D70FE8-4EBF-428F-B37E-8D34407C3F4D}.Release|Any CPU.Build.0 = Release|Any CPU
		{4DE86A1D-DEDD-49F3-A197-F5B705936E82}.Debug|Any CPU.ActiveCfg = Debug|Any CPU
		{4DE86A1D-DEDD-49F3-A197-F5B705936E82}.Debug|Any CPU.Build.0 = Debug|Any CPU
		{4DE86A1D-DEDD-49F3-A197-F5B705936E82}.Release|Any CPU.ActiveCfg = Release|Any CPU
		{4DE86A1D-DEDD-49F3-A197-F5B705936E82}.Release|Any CPU.Build.0 = Release|Any CPU
		{9C71C2CB-541A-4865-B574-4982371C5B97}.Debug|Any CPU.ActiveCfg = Debug|Any CPU
		{9C71C2CB-541A-4865-B574-4982371C5B97}.Debug|Any CPU.Build.0 = Debug|Any CPU
		{9C71C2CB-541A-4865-B574-4982371C5B97}.Release|Any CPU.ActiveCfg = Release|Any CPU
		{9C71C2CB-541A-4865-B574-4982371C5B97}.Release|Any CPU.Build.0 = Release|Any CPU
		{7A857831-7060-4DEF-97C0-DA3FEC65041D}.Debug|Any CPU.ActiveCfg = Debug|Any CPU
		{7A857831-7060-4DEF-97C0-DA3FEC65041D}.Debug|Any CPU.Build.0 = Debug|Any CPU
		{7A857831-7060-4DEF-97C0-DA3FEC65041D}.Release|Any CPU.ActiveCfg = Release|Any CPU
		{7A857831-7060-4DEF-97C0-DA3FEC65041D}.Release|Any CPU.Build.0 = Release|Any CPU
		{01FDF15E-1BA3-4CC1-917F-844747830CF8}.Debug|Any CPU.ActiveCfg = Debug|Any CPU
		{01FDF15E-1BA3-4CC1-917F-844747830CF8}.Debug|Any CPU.Build.0 = Debug|Any CPU
		{01FDF15E-1BA3-4CC1-917F-844747830CF8}.Release|Any CPU.ActiveCfg = Release|Any CPU
		{01FDF15E-1BA3-4CC1-917F-844747830CF8}.Release|Any CPU.Build.0 = Release|Any CPU
		{090BD0F1-9210-4E7E-A347-896BBBA87C26}.Debug|Any CPU.ActiveCfg = Debug|Any CPU
		{090BD0F1-9210-4E7E-A347-896BBBA87C26}.Debug|Any CPU.Build.0 = Debug|Any CPU
		{090BD0F1-9210-4E7E-A347-896BBBA87C26}.Release|Any CPU.ActiveCfg = Release|Any CPU
		{090BD0F1-9210-4E7E-A347-896BBBA87C26}.Release|Any CPU.Build.0 = Release|Any CPU
		{5682C88F-924E-46A3-9817-659F2EC814CB}.Debug|Any CPU.ActiveCfg = Debug|Any CPU
		{5682C88F-924E-46A3-9817-659F2EC814CB}.Debug|Any CPU.Build.0 = Debug|Any CPU
		{5682C88F-924E-46A3-9817-659F2EC814CB}.Release|Any CPU.ActiveCfg = Release|Any CPU
		{5682C88F-924E-46A3-9817-659F2EC814CB}.Release|Any CPU.Build.0 = Release|Any CPU
		{CF214EE8-69BC-4C1C-90DC-AD91DB82D643}.Debug|Any CPU.ActiveCfg = Debug|Any CPU
		{CF214EE8-69BC-4C1C-90DC-AD91DB82D643}.Debug|Any CPU.Build.0 = Debug|Any CPU
		{CF214EE8-69BC-4C1C-90DC-AD91DB82D643}.Release|Any CPU.ActiveCfg = Release|Any CPU
		{CF214EE8-69BC-4C1C-90DC-AD91DB82D643}.Release|Any CPU.Build.0 = Release|Any CPU
		{BD5CE23D-37C5-483F-A5ED-ECB5027C5935}.Debug|Any CPU.ActiveCfg = Debug|Any CPU
		{BD5CE23D-37C5-483F-A5ED-ECB5027C5935}.Debug|Any CPU.Build.0 = Debug|Any CPU
		{BD5CE23D-37C5-483F-A5ED-ECB5027C5935}.Release|Any CPU.ActiveCfg = Release|Any CPU
		{BD5CE23D-37C5-483F-A5ED-ECB5027C5935}.Release|Any CPU.Build.0 = Release|Any CPU
		{DDA9C402-8447-44ED-96CF-58D01E5BE1C2}.Debug|Any CPU.ActiveCfg = Debug|Any CPU
		{DDA9C402-8447-44ED-96CF-58D01E5BE1C2}.Debug|Any CPU.Build.0 = Debug|Any CPU
		{DDA9C402-8447-44ED-96CF-58D01E5BE1C2}.Release|Any CPU.ActiveCfg = Release|Any CPU
		{DDA9C402-8447-44ED-96CF-58D01E5BE1C2}.Release|Any CPU.Build.0 = Release|Any CPU
		{9A381587-9B79-4289-B07B-4C78B050ED9F}.Debug|Any CPU.ActiveCfg = Debug|Any CPU
		{9A381587-9B79-4289-B07B-4C78B050ED9F}.Debug|Any CPU.Build.0 = Debug|Any CPU
		{9A381587-9B79-4289-B07B-4C78B050ED9F}.Release|Any CPU.ActiveCfg = Release|Any CPU
		{9A381587-9B79-4289-B07B-4C78B050ED9F}.Release|Any CPU.Build.0 = Release|Any CPU
		{1E23540C-B803-4648-B88D-7F76E3A8CD4F}.Debug|Any CPU.ActiveCfg = Debug|Any CPU
		{1E23540C-B803-4648-B88D-7F76E3A8CD4F}.Debug|Any CPU.Build.0 = Debug|Any CPU
		{1E23540C-B803-4648-B88D-7F76E3A8CD4F}.Release|Any CPU.ActiveCfg = Release|Any CPU
		{1E23540C-B803-4648-B88D-7F76E3A8CD4F}.Release|Any CPU.Build.0 = Release|Any CPU
		{60F16AA1-D656-4B8A-97F1-283B72B30D89}.Debug|Any CPU.ActiveCfg = Debug|Any CPU
		{60F16AA1-D656-4B8A-97F1-283B72B30D89}.Debug|Any CPU.Build.0 = Debug|Any CPU
		{60F16AA1-D656-4B8A-97F1-283B72B30D89}.Release|Any CPU.ActiveCfg = Release|Any CPU
		{60F16AA1-D656-4B8A-97F1-283B72B30D89}.Release|Any CPU.Build.0 = Release|Any CPU
		{326BF6F8-3900-43C8-9AD8-682F5FB17FBA}.Debug|Any CPU.ActiveCfg = Debug|Any CPU
		{326BF6F8-3900-43C8-9AD8-682F5FB17FBA}.Debug|Any CPU.Build.0 = Debug|Any CPU
		{326BF6F8-3900-43C8-9AD8-682F5FB17FBA}.Release|Any CPU.ActiveCfg = Release|Any CPU
		{326BF6F8-3900-43C8-9AD8-682F5FB17FBA}.Release|Any CPU.Build.0 = Release|Any CPU
		{E24CA361-DED2-4114-BE7B-06D5BBF3CB42}.Debug|Any CPU.ActiveCfg = Debug|Any CPU
		{E24CA361-DED2-4114-BE7B-06D5BBF3CB42}.Debug|Any CPU.Build.0 = Debug|Any CPU
		{E24CA361-DED2-4114-BE7B-06D5BBF3CB42}.Release|Any CPU.ActiveCfg = Release|Any CPU
		{E24CA361-DED2-4114-BE7B-06D5BBF3CB42}.Release|Any CPU.Build.0 = Release|Any CPU
		{35094EFC-0ABB-4E75-AD62-653948EBE6EE}.Debug|Any CPU.ActiveCfg = Debug|Any CPU
		{35094EFC-0ABB-4E75-AD62-653948EBE6EE}.Debug|Any CPU.Build.0 = Debug|Any CPU
		{35094EFC-0ABB-4E75-AD62-653948EBE6EE}.Release|Any CPU.ActiveCfg = Release|Any CPU
		{35094EFC-0ABB-4E75-AD62-653948EBE6EE}.Release|Any CPU.Build.0 = Release|Any CPU
	EndGlobalSection
	GlobalSection(SolutionProperties) = preSolution
		HideSolutionNode = FALSE
	EndGlobalSection
	GlobalSection(NestedProjects) = preSolution
		{8B63DB1E-7CF8-4BDC-BCD2-41AA0C5BD784} = {63748DEA-26E9-4B5C-A99D-A5E4D66792BE}
		{7DBD641B-B18A-47C6-845D-05AD3CC23DD3} = {8B63DB1E-7CF8-4BDC-BCD2-41AA0C5BD784}
		{084B5BF6-C4D2-4E59-8CF8-2547F041F591} = {8B63DB1E-7CF8-4BDC-BCD2-41AA0C5BD784}
		{25BA90F1-B8BA-404B-A487-FD9FBB296A28} = {8B63DB1E-7CF8-4BDC-BCD2-41AA0C5BD784}
		{227AF570-9AE3-425D-9A29-8874DFCF58DA} = {8B63DB1E-7CF8-4BDC-BCD2-41AA0C5BD784}
		{76361567-4926-4FC9-810C-D39FC0343033} = {63748DEA-26E9-4B5C-A99D-A5E4D66792BE}
		{4DE86A1D-DEDD-49F3-A197-F5B705936E82} = {76361567-4926-4FC9-810C-D39FC0343033}
		{9C71C2CB-541A-4865-B574-4982371C5B97} = {76361567-4926-4FC9-810C-D39FC0343033}
		{7A857831-7060-4DEF-97C0-DA3FEC65041D} = {76361567-4926-4FC9-810C-D39FC0343033}
		{01FDF15E-1BA3-4CC1-917F-844747830CF8} = {76361567-4926-4FC9-810C-D39FC0343033}
		{933F7BDA-8F9B-43E6-9A13-7C7ACCB03950} = {63748DEA-26E9-4B5C-A99D-A5E4D66792BE}
		{090BD0F1-9210-4E7E-A347-896BBBA87C26} = {933F7BDA-8F9B-43E6-9A13-7C7ACCB03950}
		{5682C88F-924E-46A3-9817-659F2EC814CB} = {933F7BDA-8F9B-43E6-9A13-7C7ACCB03950}
		{CF214EE8-69BC-4C1C-90DC-AD91DB82D643} = {933F7BDA-8F9B-43E6-9A13-7C7ACCB03950}
		{BD5CE23D-37C5-483F-A5ED-ECB5027C5935} = {933F7BDA-8F9B-43E6-9A13-7C7ACCB03950}
		{469D9FA5-AD9D-4AD4-9C3D-B3155A1D5F39} = {63748DEA-26E9-4B5C-A99D-A5E4D66792BE}
		{DDA9C402-8447-44ED-96CF-58D01E5BE1C2} = {469D9FA5-AD9D-4AD4-9C3D-B3155A1D5F39}
		{9A381587-9B79-4289-B07B-4C78B050ED9F} = {469D9FA5-AD9D-4AD4-9C3D-B3155A1D5F39}
		{1E23540C-B803-4648-B88D-7F76E3A8CD4F} = {469D9FA5-AD9D-4AD4-9C3D-B3155A1D5F39}
		{60F16AA1-D656-4B8A-97F1-283B72B30D89} = {469D9FA5-AD9D-4AD4-9C3D-B3155A1D5F39}
		{326BF6F8-3900-43C8-9AD8-682F5FB17FBA} = {18907486-F89F-44B5-B7B6-2D304D78E425}
		{D9FA7D94-7ADD-442E-8C57-7B01A2310485} = {35ADEAE7-0D20-4033-99EA-FE33245B48B7}
		{E24CA361-DED2-4114-BE7B-06D5BBF3CB42} = {D9FA7D94-7ADD-442E-8C57-7B01A2310485}
		{35094EFC-0ABB-4E75-AD62-653948EBE6EE} = {18907486-F89F-44B5-B7B6-2D304D78E425}
	EndGlobalSection
	GlobalSection(ExtensibilityGlobals) = postSolution
		SolutionGuid = {7C98588D-806A-4393-B43E-2D957FD9A236}
	EndGlobalSection
EndGlobal
